{
    "name": "@ngxux/file-management",
    "version": "0.0.1",
    "lockfileVersion": 1,
    "requires": true,
    "dependencies": {
        "@ngxux/datatable": {
            "version": "0.0.9",
            "resolved": "https://registry.npmjs.org/@ngxux/datatable/-/datatable-0.0.9.tgz",
            "integrity": "sha512-oFvvwUcrL5T0SUZCZpOVd2Tf3H4GcY1hpfF8ffQuzmNAMOpV/DiW05EVEWm30wHAxuFcQhxpt4dBD9DTVDgDoQ==",
            "requires": {
                "tslib": "^1.9.0"
            }
        },
        "tslib": {
            "version": "1.9.3",
            "resolved": "https://registry.npmjs.org/tslib/-/tslib-1.9.3.tgz",
            "integrity": "sha512-4krF8scpejhaOgqzBEcGM7yDIEfi0/8+8zDRZhNZZ2kjmHJ4hv3zCbQWxoJGz1iw5U0Jl0nma13xzHXcncMavQ=="
        }
    }
}
